
Microsoft Visual Studio Solution File, Format Version 12.00
# Visual Studio Version 16
VisualStudioVersion = 16.0.31911.196
MinimumVisualStudioVersion = 10.0.40219.1
Project("{FAE04EC0-301F-11D3-BF4B-00C04F79EFBC}") = "Athos", "Athos.csproj", "{4DD40DE2-BFC7-4578-98C3-7B4C25704726}"
EndProject
Global
	GlobalSection(SolutionConfigurationPlatforms) = preSolution
		Debug|Any CPU = Debug|Any CPU
		Release|Any CPU = Release|Any CPU
	EndGlobalSection
	GlobalSection(ProjectConfigurationPlatforms) = postSolution
		{4DD40DE2-BFC7-4578-98C3-7B4C25704726}.Debug|Any CPU.ActiveCfg = Debug|Any CPU
		{4DD40DE2-BFC7-4578-98C3-7B4C25704726}.Debug|Any CPU.Build.0 = Debug|Any CPU
		{4DD40DE2-BFC7-4578-98C3-7B4C25704726}.Release|Any CPU.ActiveCfg = Release|Any CPU
		{4DD40DE2-BFC7-4578-98C3-7B4C25704726}.Release|Any CPU.Build.0 = Release|Any CPU
	EndGlobalSection
	GlobalSection(SolutionProperties) = preSolution
		HideSolutionNode = FALSE
	EndGlobalSection
	GlobalSection(ExtensibilityGlobals) = postSolution
		SolutionGuid = {3B561D01-3517-4B75-A6F2-93D323D7A31E}
	EndGlobalSection
EndGlobal
